// !$*UTF8*$!
{
	archiveVersion = 1;
	classes = {
	};
	objectVersion = 46;
	objects = {

/* Begin PBXBuildFile section */
		6237AF621D9BE6CD008EA7DD /* AppDelegate.swift in Sources */ = {isa = PBXBuildFile; fileRef = 6237AF611D9BE6CD008EA7DD /* AppDelegate.swift */; };
		6237AF651D9BE6CD008EA7DD /* Crapulo.xcdatamodeld in Sources */ = {isa = PBXBuildFile; fileRef = 6237AF631D9BE6CD008EA7DD /* Crapulo.xcdatamodeld */; };
		6237AF671D9BE6CD008EA7DD /* ViewController.swift in Sources */ = {isa = PBXBuildFile; fileRef = 6237AF661D9BE6CD008EA7DD /* ViewController.swift */; };
		6237AF6A1D9BE6CD008EA7DD /* Main.storyboard in Resources */ = {isa = PBXBuildFile; fileRef = 6237AF681D9BE6CD008EA7DD /* Main.storyboard */; };
		6237AF6C1D9BE6CD008EA7DD /* Images.xcassets in Resources */ = {isa = PBXBuildFile; fileRef = 6237AF6B1D9BE6CD008EA7DD /* Images.xcassets */; };
		6237AF6F1D9BE6CD008EA7DD /* LaunchScreen.xib in Resources */ = {isa = PBXBuildFile; fileRef = 6237AF6D1D9BE6CD008EA7DD /* LaunchScreen.xib */; };
		6237AF7B1D9BE6CD008EA7DD /* CrapuloTests.swift in Sources */ = {isa = PBXBuildFile; fileRef = 6237AF7A1D9BE6CD008EA7DD /* CrapuloTests.swift */; };
/* End PBXBuildFile section */

/* Begin PBXContainerItemProxy section */
		6237AF751D9BE6CD008EA7DD /* PBXContainerItemProxy */ = {
			isa = PBXContainerItemProxy;
			containerPortal = 6237AF541D9BE6CD008EA7DD /* Project object */;
			proxyType = 1;
			remoteGlobalIDString = 6237AF5B1D9BE6CD008EA7DD;
			remoteInfo = Crapulo;
		};
/* End PBXContainerItemProxy section */

/* Begin PBXFileReference section */
		6237AF5C1D9BE6CD008EA7DD /* Crapulo.app */ = {isa = PBXFileReference; explicitFileType = wrapper.application; includeInIndex = 0; path = Crapulo.app; sourceTree = BUILT_PRODUCTS_DIR; };
		6237AF601D9BE6CD008EA7DD /* Info.plist */ = {isa = PBXFileReference; lastKnownFileType = text.plist.xml; path = Info.plist; sourceTree = "<group>"; };
		6237AF611D9BE6CD008EA7DD /* AppDelegate.swift */ = {isa = PBXFileReference; lastKnownFileType = sourcecode.swift; path = AppDelegate.swift; sourceTree = "<group>"; };
		6237AF641D9BE6CD008EA7DD /* Crapulo.xcdatamodel */ = {isa = PBXFileReference; lastKnownFileType = wrapper.xcdatamodel; path = Crapulo.xcdatamodel; sourceTree = "<group>"; };
		6237AF661D9BE6CD008EA7DD /* ViewController.swift */ = {isa = PBXFileReference; lastKnownFileType = sourcecode.swift; path = ViewController.swift; sourceTree = "<group>"; };
		6237AF691D9BE6CD008EA7DD /* Base */ = {isa = PBXFileReference; lastKnownFileType = file.storyboard; name = Base; path = Base.lproj/Main.storyboard; sourceTree = "<group>"; };
		6237AF6B1D9BE6CD008EA7DD /* Images.xcassets */ = {isa = PBXFileReference; lastKnownFileType = folder.assetcatalog; path = Images.xcassets; sourceTree = "<group>"; };
		6237AF6E1D9BE6CD008EA7DD /* Base */ = {isa = PBXFileReference; lastKnownFileType = file.xib; name = Base; path = Base.lproj/LaunchScreen.xib; sourceTree = "<group>"; };
		6237AF741D9BE6CD008EA7DD /* CrapuloTests.xctest */ = {isa = PBXFileReference; explicitFileType = wrapper.cfbundle; includeInIndex = 0; path = CrapuloTests.xctest; sourceTree = BUILT_PRODUCTS_DIR; };
		6237AF791D9BE6CD008EA7DD /* Info.plist */ = {isa = PBXFileReference; lastKnownFileType = text.plist.xml; path = Info.plist; sourceTree = "<group>"; };
		6237AF7A1D9BE6CD008EA7DD /* CrapuloTests.swift */ = {isa = PBXFileReference; lastKnownFileType = sourcecode.swift; path = CrapuloTests.swift; sourceTree = "<group>"; };
/* End PBXFileReference section */

/* Begin PBXFrameworksBuildPhase section */
		6237AF591D9BE6CD008EA7DD /* Frameworks */ = {
			isa = PBXFrameworksBuildPhase;
			buildActionMask = 2147483647;
			files = (
			);
			runOnlyForDeploymentPostprocessing = 0;
		};
		6237AF711D9BE6CD008EA7DD /* Frameworks */ = {
			isa = PBXFrameworksBuildPhase;
			buildActionMask = 2147483647;
			files = (
			);
			runOnlyForDeploymentPostprocessing = 0;
		};
/* End PBXFrameworksBuildPhase section */

/* Begin PBXGroup section */
		6237AF531D9BE6CD008EA7DD = {
			isa = PBXGroup;
			children = (
				6237AF5E1D9BE6CD008EA7DD /* Crapulo */,
				6237AF771D9BE6CD008EA7DD /* CrapuloTests */,
				6237AF5D1D9BE6CD008EA7DD /* Products */,
			);
			sourceTree = "<group>";
		};
		6237AF5D1D9BE6CD008EA7DD /* Products */ = {
			isa = PBXGroup;
			children = (
				6237AF5C1D9BE6CD008EA7DD /* Crapulo.app */,
				6237AF741D9BE6CD008EA7DD /* CrapuloTests.xctest */,
			);
			name = Products;
			sourceTree = "<group>";
		};
		6237AF5E1D9BE6CD008EA7DD /* Crapulo */ = {
			isa = PBXGroup;
			children = (
				6237AF611D9BE6CD008EA7DD /* AppDelegate.swift */,
				6237AF661D9BE6CD008EA7DD /* ViewController.swift */,
				6237AF681D9BE6CD008EA7DD /* Main.storyboard */,
				6237AF6B1D9BE6CD008EA7DD /* Images.xcassets */,
				6237AF6D1D9BE6CD008EA7DD /* LaunchScreen.xib */,
				6237AF631D9BE6CD008EA7DD /* Crapulo.xcdatamodeld */,
				6237AF5F1D9BE6CD008EA7DD /* Supporting Files */,
			);
			path = Crapulo;
			sourceTree = "<group>";
		};
		6237AF5F1D9BE6CD008EA7DD /* Supporting Files */ = {
			isa = PBXGroup;
			children = (
				6237AF601D9BE6CD008EA7DD /* Info.plist */,
			);
			name = "Supporting Files";
			sourceTree = "<group>";
		};
		6237AF771D9BE6CD008EA7DD /* CrapuloTests */ = {
			isa = PBXGroup;
			children = (
				6237AF7A1D9BE6CD008EA7DD /* CrapuloTests.swift */,
				6237AF781D9BE6CD008EA7DD /* Supporting Files */,
			);
			path = CrapuloTests;
			sourceTree = "<group>";
		};
		6237AF781D9BE6CD008EA7DD /* Supporting Files */ = {
			isa = PBXGroup;
			children = (
				6237AF791D9BE6CD008EA7DD /* Info.plist */,
			);
			name = "Supporting Files";
			sourceTree = "<group>";
		};
/* End PBXGroup section */

/* Begin PBXNativeTarget section */
		6237AF5B1D9BE6CD008EA7DD /* Crapulo */ = {
			isa = PBXNativeTarget;
			buildConfigurationList = 6237AF7E1D9BE6CD008EA7DD /* Build configuration list for PBXNativeTarget "Crapulo" */;
			buildPhases = (
				6237AF581D9BE6CD008EA7DD /* Sources */,
				6237AF591D9BE6CD008EA7DD /* Frameworks */,
				6237AF5A1D9BE6CD008EA7DD /* Resources */,
			);
			buildRules = (
			);
			dependencies = (
			);
			name = Crapulo;
			productName = Crapulo;
			productReference = 6237AF5C1D9BE6CD008EA7DD /* Crapulo.app */;
			productType = "com.apple.product-type.application";
		};
		6237AF731D9BE6CD008EA7DD /* CrapuloTests */ = {
			isa = PBXNativeTarget;
			buildConfigurationList = 6237AF811D9BE6CD008EA7DD /* Build configuration list for PBXNativeTarget "CrapuloTests" */;
			buildPhases = (
				6237AF701D9BE6CD008EA7DD /* Sources */,
				6237AF711D9BE6CD008EA7DD /* Frameworks */,
				6237AF721D9BE6CD008EA7DD /* Resources */,
			);
			buildRules = (
			);
			dependencies = (
				6237AF761D9BE6CD008EA7DD /* PBXTargetDependency */,
			);
			name = CrapuloTests;
			productName = CrapuloTests;
			productReference = 6237AF741D9BE6CD008EA7DD /* CrapuloTests.xctest */;
			productType = "com.apple.product-type.bundle.unit-test";
		};
/* End PBXNativeTarget section */

/* Begin PBXProject section */
		6237AF541D9BE6CD008EA7DD /* Project object */ = {
			isa = PBXProject;
			attributes = {
				LastUpgradeCheck = 0630;
				ORGANIZATIONNAME = "Isaac Mac";
				TargetAttributes = {
					6237AF5B1D9BE6CD008EA7DD = {
						CreatedOnToolsVersion = 6.3.2;
					};
					6237AF731D9BE6CD008EA7DD = {
						CreatedOnToolsVersion = 6.3.2;
						TestTargetID = 6237AF5B1D9BE6CD008EA7DD;
					};
				};
			};
			buildConfigurationList = 6237AF571D9BE6CD008EA7DD /* Build configuration list for PBXProject "Crapulo" */;
			compatibilityVersion = "Xcode 3.2";
			developmentRegion = English;
			hasScannedForEncodings = 0;
			knownRegions = (
				en,
				Base,
			);
			mainGroup = 6237AF531D9BE6CD008EA7DD;
			productRefGroup = 6237AF5D1D9BE6CD008EA7DD /* Products */;
			projectDirPath = "";
			projectRoot = "";
			targets = (
				6237AF5B1D9BE6CD008EA7DD /* Crapulo */,
				6237AF731D9BE6CD008EA7DD /* CrapuloTests */,
			);
		};
/* End PBXProject section */

/* Begin PBXResourcesBuildPhase section */
		6237AF5A1D9BE6CD008EA7DD /* Resources */ = {
			isa = PBXResourcesBuildPhase;
			buildActionMask = 2147483647;
			files = (
				6237AF6A1D9BE6CD008EA7DD /* Main.storyboard in Resources */,
				6237AF6F1D9BE6CD008EA7DD /* LaunchScreen.xib in Resources */,
				6237AF6C1D9BE6CD008EA7DD /* Images.xcassets in Resources */,
			);
			runOnlyForDeploymentPostprocessing = 0;
		};
		6237AF721D9BE6CD008EA7DD /* Resources */ = {
			isa = PBXResourcesBuildPhase;
			buildActionMask = 2147483647;
			files = (
			);
			runOnlyForDeploymentPostprocessing = 0;
		};
/* End PBXResourcesBuildPhase section */

/* Begin PBXSourcesBuildPhase section */
		6237AF581D9BE6CD008EA7DD /* Sources */ = {
			isa = PBXSourcesBuildPhase;
			buildActionMask = 2147483647;
			files = (
				6237AF671D9BE6CD008EA7DD /* ViewController.swift in Sources */,
				6237AF651D9BE6CD008EA7DD /* Crapulo.xcdatamodeld in Sources */,
				6237AF621D9BE6CD008EA7DD /* AppDelegate.swift in Sources */,
			);
			runOnlyForDeploymentPostprocessing = 0;
		};
		6237AF701D9BE6CD008EA7DD /* Sources */ = {
			isa = PBXSourcesBuildPhase;
			buildActionMask = 2147483647;
			files = (
				6237AF7B1D9BE6CD008EA7DD /* CrapuloTests.swift in Sources */,
			);
			runOnlyForDeploymentPostprocessing = 0;
		};
/* End PBXSourcesBuildPhase section */

/* Begin PBXTargetDependency section */
		6237AF761D9BE6CD008EA7DD /* PBXTargetDependency */ = {
			isa = PBXTargetDependency;
			target = 6237AF5B1D9BE6CD008EA7DD /* Crapulo */;
			targetProxy = 6237AF751D9BE6CD008EA7DD /* PBXContainerItemProxy */;
		};
/* End PBXTargetDependency section */

/* Begin PBXVariantGroup section */
		6237AF681D9BE6CD008EA7DD /* Main.storyboard */ = {
			isa = PBXVariantGroup;
			children = (
				6237AF691D9BE6CD008EA7DD /* Base */,
			);
			name = Main.storyboard;
			sourceTree = "<group>";
		};
		6237AF6D1D9BE6CD008EA7DD /* LaunchScreen.xib */ = {
			isa = PBXVariantGroup;
			children = (
				6237AF6E1D9BE6CD008EA7DD /* Base */,
			);
			name = LaunchScreen.xib;
			sourceTree = "<group>";
		};
/* End PBXVariantGroup section */

/* Begin XCBuildConfiguration section */
		6237AF7C1D9BE6CD008EA7DD /* Debug */ = {
			isa = XCBuildConfiguration;
			buildSettings = {
				ALWAYS_SEARCH_USER_PATHS = NO;
				CLANG_CXX_LANGUAGE_STANDARD = "gnu++0x";
				CLANG_CXX_LIBRARY = "libc++";
				CLANG_ENABLE_MODULES = YES;
				CLANG_ENABLE_OBJC_ARC = YES;
				CLANG_WARN_BOOL_CONVERSION = YES;
				CLANG_WARN_CONSTANT_CONVERSION = YES;
				CLANG_WARN_DIRECT_OBJC_ISA_USAGE = YES_ERROR;
				CLANG_WARN_EMPTY_BODY = YES;
				CLANG_WARN_ENUM_CONVERSION = YES;
				CLANG_WARN_INT_CONVERSION = YES;
				CLANG_WARN_OBJC_ROOT_CLASS = YES_ERROR;
				CLANG_WARN_UNREACHABLE_CODE = YES;
				CLANG_WARN__DUPLICATE_METHOD_MATCH = YES;
				"CODE_SIGN_IDENTITY[sdk=iphoneos*]" = "iPhone Developer";
				COPY_PHASE_STRIP = NO;
				DEBUG_INFORMATION_FORMAT = "dwarf-with-dsym";
				ENABLE_STRICT_OBJC_MSGSEND = YES;
				GCC_C_LANGUAGE_STANDARD = gnu99;
				GCC_DYNAMIC_NO_PIC = NO;
				GCC_NO_COMMON_BLOCKS = YES;
				GCC_OPTIMIZATION_LEVEL = 0;
				GCC_PREPROCESSOR_DEFINITIONS = (
					"DEBUG=1",
					"$(inherited)",
				);
				GCC_SYMBOLS_PRIVATE_EXTERN = NO;
				GCC_WARN_64_TO_32_BIT_CONVERSION = YES;
				GCC_WARN_ABOUT_RETURN_TYPE = YES_ERROR;
				GCC_WARN_UNDECLARED_SELECTOR = YES;
				GCC_WARN_UNINITIALIZED_AUTOS = YES_AGGRESSIVE;
				GCC_WARN_UNUSED_FUNCTION = YES;
				GCC_WARN_UNUSED_VARIABLE = YES;
				IPHONEOS_DEPLOYMENT_TARGET = 8.3;
				MTL_ENABLE_DEBUG_INFO = YES;
				ONLY_ACTIVE_ARCH = YES;
				SDKROOT = iphoneos;
				SWIFT_OPTIMIZATION_LEVEL = "-Onone";
			};
			name = Debug;
		};
		6237AF7D1D9BE6CD008EA7DD /* Release */ = {
			isa = XCBuildConfiguration;
			buildSettings = {
				ALWAYS_SEARCH_USER_PATHS = NO;
				CLANG_CXX_LANGUAGE_STANDARD = "gnu++0x";
				CLANG_CXX_LIBRARY = "libc++";
				CLANG_ENABLE_MODULES = YES;
				CLANG_ENABLE_OBJC_ARC = YES;
				CLANG_WARN_BOOL_CONVERSION = YES;
				CLANG_WARN_CONSTANT_CONVERSION = YES;
				CLANG_WARN_DIRECT_OBJC_ISA_USAGE = YES_ERROR;
				CLANG_WARN_EMPTY_BODY = YES;
				CLANG_WARN_ENUM_CONVERSION = YES;
				CLANG_WARN_INT_CONVERSION = YES;
				CLANG_WARN_OBJC_ROOT_CLASS = YES_ERROR;
				CLANG_WARN_UNREACHABLE_CODE = YES;
				CLANG_WARN__DUPLICATE_METHOD_MATCH = YES;
				"CODE_SIGN_IDENTITY[sdk=iphoneos*]" = "iPhone Developer";
				COPY_PHASE_STRIP = NO;
				DEBUG_INFORMATION_FORMAT = "dwarf-with-dsym";
				ENABLE_NS_ASSERTIONS = NO;
				ENABLE_STRICT_OBJC_MSGSEND = YES;
				GCC_C_LANGUAGE_STANDARD = gnu99;
				GCC_NO_COMMON_BLOCKS = YES;
				GCC_WARN_64_TO_32_BIT_CONVERSION = YES;
				GCC_WARN_ABOUT_RETURN_TYPE = YES_ERROR;
				GCC_WARN_UNDECLARED_SELECTOR = YES;
				GCC_WARN_UNINITIALIZED_AUTOS = YES_AGGRESSIVE;
				GCC_WARN_UNUSED_FUNCTION = YES;
				GCC_WARN_UNUSED_VARIABLE = YES;
				IPHONEOS_DEPLOYMENT_TARGET = 8.3;
				MTL_ENABLE_DEBUG_INFO = NO;
				SDKROOT = iphoneos;
				VALIDATE_PRODUCT = YES;
			};
			name = Release;
		};
		6237AF7F1D9BE6CD008EA7DD /* Debug */ = {
			isa = XCBuildConfiguration;
			buildSettings = {
				ASSETCATALOG_COMPILER_APPICON_NAME = AppIcon;
				INFOPLIST_FILE = Crapulo/Info.plist;
				LD_RUNPATH_SEARCH_PATHS = "$(inherited) @executable_path/Frameworks";
				PRODUCT_NAME = "$(TARGET_NAME)";
			};
			name = Debug;
		};
		6237AF801D9BE6CD008EA7DD /* Release */ = {
			isa = XCBuildConfiguration;
			buildSettings = {
				ASSETCATALOG_COMPILER_APPICON_NAME = AppIcon;
				INFOPLIST_FILE = Crapulo/Info.plist;
				LD_RUNPATH_SEARCH_PATHS = "$(inherited) @executable_path/Frameworks";
				PRODUCT_NAME = "$(TARGET_NAME)";
			};
			name = Release;
		};
		6237AF821D9BE6CD008EA7DD /* Debug */ = {
			isa = XCBuildConfiguration;
			buildSettings = {
				BUNDLE_LOADER = "$(TEST_HOST)";
				FRAMEWORK_SEARCH_PATHS = (
					"$(SDKROOT)/Developer/Library/Frameworks",
					"$(inherited)",
				);
				GCC_PREPROCESSOR_DEFINITIONS = (
					"DEBUG=1",
					"$(inherited)",
				);
				INFOPLIST_FILE = CrapuloTests/Info.plist;
				LD_RUNPATH_SEARCH_PATHS = "$(inherited) @executable_path/Frameworks @loader_path/Frameworks";
				PRODUCT_NAME = "$(TARGET_NAME)";
				TEST_HOST = "$(BUILT_PRODUCTS_DIR)/Crapulo.app/Crapulo";
			};
			name = Debug;
		};
		6237AF831D9BE6CD008EA7DD /* Release */ = {
			isa = XCBuildConfiguration;
			buildSettings = {
				BUNDLE_LOADER = "$(TEST_HOST)";
				FRAMEWORK_SEARCH_PATHS = (
					"$(SDKROOT)/Developer/Library/Frameworks",
					"$(inherited)",
				);
				INFOPLIST_FILE = CrapuloTests/Info.plist;
				LD_RUNPATH_SEARCH_PATHS = "$(inherited) @executable_path/Frameworks @loader_path/Frameworks";
				PRODUCT_NAME = "$(TARGET_NAME)";
				TEST_HOST = "$(BUILT_PRODUCTS_DIR)/Crapulo.app/Crapulo";
			};
			name = Release;
		};
/* End XCBuildConfiguration section */

/* Begin XCConfigurationList section */
		6237AF571D9BE6CD008EA7DD /* Build configuration list for PBXProject "Crapulo" */ = {
			isa = XCConfigurationList;
			buildConfigurations = (
				6237AF7C1D9BE6CD008EA7DD /* Debug */,
				6237AF7D1D9BE6CD008EA7DD /* Release */,
			);
			defaultConfigurationIsVisible = 0;
			defaultConfigurationName = Release;
		};
		6237AF7E1D9BE6CD008EA7DD /* Build configuration list for PBXNativeTarget "Crapulo" */ = {
			isa = XCConfigurationList;
			buildConfigurations = (
				6237AF7F1D9BE6CD008EA7DD /* Debug */,
				6237AF801D9BE6CD008EA7DD /* Release */,
			);
			defaultConfigurationIsVisible = 0;
		};
		6237AF811D9BE6CD008EA7DD /* Build configuration list for PBXNativeTarget "CrapuloTests" */ = {
			isa = XCConfigurationList;
			buildConfigurations = (
				6237AF821D9BE6CD008EA7DD /* Debug */,
				6237AF831D9BE6CD008EA7DD /* Release */,
			);
			defaultConfigurationIsVisible = 0;
		};
/* End XCConfigurationList section */

/* Begin XCVersionGroup section */
		6237AF631D9BE6CD008EA7DD /* Crapulo.xcdatamodeld */ = {
			isa = XCVersionGroup;
			children = (
				6237AF641D9BE6CD008EA7DD /* Crapulo.xcdatamodel */,
			);
			currentVersion = 6237AF641D9BE6CD008EA7DD /* Crapulo.xcdatamodel */;
			path = Crapulo.xcdatamodeld;
			sourceTree = "<group>";
			versionGroupType = wrapper.xcdatamodel;
		};
/* End XCVersionGroup section */
	};
	rootObject = 6237AF541D9BE6CD008EA7DD /* Project object */;
}
